
Microsoft Visual Studio Solution File, Format Version 12.00
# Visual Studio Version 17
VisualStudioVersion = 17.11.35118.90
MinimumVisualStudioVersion = 10.0.40219.1
Project("{6EC3EE1D-3C4E-46DD-8F32-0CC8E7565705}") = "Fiqs", "Fiqs\Fiqs.fsproj", "{33DA5CE7-F911-4148-9A89-5F2E8C63616B}"
	ProjectSection(ProjectDependencies) = postProject
		{C6D46EDF-B305-491E-895F-F40B7902B365} = {C6D46EDF-B305-491E-895F-F40B7902B365}
	EndProjectSection
EndProject
Project("{6EC3EE1D-3C4E-46DD-8F32-0CC8E7565705}") = "Fiqs.Solver", "Fiqs.Solver\Fiqs.Solver.fsproj", "{C6D46EDF-B305-491E-895F-F40B7902B365}"
EndProject
Project("{F2A71F9B-5D33-465A-A702-920D77279786}") = "Fiqs.Tests", "Fiqs.Tests\Fiqs.Tests.fsproj", "{241C9659-8DF6-43D7-AE99-E996E4AF8631}"
EndProject
Global
	GlobalSection(SolutionConfigurationPlatforms) = preSolution
		Debug|Any CPU = Debug|Any CPU
		Release|Any CPU = Release|Any CPU
	EndGlobalSection
	GlobalSection(ProjectConfigurationPlatforms) = postSolution
		{33DA5CE7-F911-4148-9A89-5F2E8C63616B}.Debug|Any CPU.ActiveCfg = Debug|Any CPU
		{33DA5CE7-F911-4148-9A89-5F2E8C63616B}.Debug|Any CPU.Build.0 = Debug|Any CPU
		{33DA5CE7-F911-4148-9A89-5F2E8C63616B}.Release|Any CPU.ActiveCfg = Release|Any CPU
		{33DA5CE7-F911-4148-9A89-5F2E8C63616B}.Release|Any CPU.Build.0 = Release|Any CPU
		{C6D46EDF-B305-491E-895F-F40B7902B365}.Debug|Any CPU.ActiveCfg = Debug|Any CPU
		{C6D46EDF-B305-491E-895F-F40B7902B365}.Debug|Any CPU.Build.0 = Debug|Any CPU
		{C6D46EDF-B305-491E-895F-F40B7902B365}.Release|Any CPU.ActiveCfg = Release|Any CPU
		{C6D46EDF-B305-491E-895F-F40B7902B365}.Release|Any CPU.Build.0 = Release|Any CPU
		{241C9659-8DF6-43D7-AE99-E996E4AF8631}.Debug|Any CPU.ActiveCfg = Debug|Any CPU
		{241C9659-8DF6-43D7-AE99-E996E4AF8631}.Debug|Any CPU.Build.0 = Debug|Any CPU
		{241C9659-8DF6-43D7-AE99-E996E4AF8631}.Release|Any CPU.ActiveCfg = Release|Any CPU
		{241C9659-8DF6-43D7-AE99-E996E4AF8631}.Release|Any CPU.Build.0 = Release|Any CPU
	EndGlobalSection
	GlobalSection(SolutionProperties) = preSolution
		HideSolutionNode = FALSE
	EndGlobalSection
	GlobalSection(ExtensibilityGlobals) = postSolution
		SolutionGuid = {66D46390-8C55-45A5-91A3-57B8F3C60805}
	EndGlobalSection
EndGlobal
